PODS:
  - AFNetworking/NSURLSession (4.0.2):
    - AFNetworking/Reachability
    - AFNetworking/Security
    - AFNetworking/Serialization
  - AFNetworking/Reachability (4.0.2)
  - AFNetworking/Security (4.0.2)
  - AFNetworking/Serialization (4.0.2)
  - MapxusBaseSDK (6.8.0):
    - AFNetworking/NSURLSession (~> 4.0.2)
    - AFNetworking/Reachability (~> 4.0.2)
    - AFNetworking/Security (~> 4.0.2)
    - AFNetworking/Serialization (~> 4.0.2)
    - YYModel (~> 1.0.5)
  - MapxusMapSDK (6.8.0):
    - MapxusBaseSDK (= 6.8.0)
    - MapxusRenderSDK (= 5.13.0)
  - MapxusRenderSDK (5.13.0)
  - YYModel (1.0.5)

DEPENDENCIES:
  - MapxusBaseSDK (from `../mapxus-base-sdk-ios`)
  - MapxusMapSDK (from `../mapxus-map-sdk-ios`)

SPEC REPOS:
  https://github.com/Mapxus/mapxusSpecs.git:
    - AFNetworking
    - MapxusRenderSDK
    - YYModel

EXTERNAL SOURCES:
  MapxusBaseSDK:
    :path: "../mapxus-base-sdk-ios"
  MapxusMapSDK:
    :path: "../mapxus-map-sdk-ios"

SPEC CHECKSUMS:
  AFNetworking: 24bbe15bca5f5c108a34a2608c8efd9d548ee884
  MapxusBaseSDK: 27675c87c604ef3254d2e7c06cf9cefc31909ff9
  MapxusMapSDK: 0a27517b5cc82ec3ad1dc821a63fbf1fbff4bfe6
  MapxusRenderSDK: 9afa40a07888b84ffe8ccb03b53958fb9e670def
  YYModel: 035c452ebe1aca91282aa570739c55f3d5e1b16e

PODFILE CHECKSUM: 074f6c74c5d8644efb5643f6c05dca67b76cca4d

COCOAPODS: 1.15.0
