PODS:
  - AFNetworking/NSURLSession (4.0.1):
    - AFNetworking/Reachability
    - AFNetworking/Security
    - AFNetworking/Serialization
  - AFNetworking/Reachability (4.0.1)
  - AFNetworking/Security (4.0.1)
  - AFNetworking/Serialization (4.0.1)
  - MapboxMobileEvents (0.10.7)
  - MapxusBaseSDK (4.0.0):
    - AFNetworking/NSURLSession (~> 4.0)
    - AFNetworking/Reachability (~> 4.0)
    - AFNetworking/Security (~> 4.0)
    - AFNetworking/Serialization (~> 4.0)
    - YYModel (~> 1.0.4)
  - MapxusMapSDK (4.0.0):
    - MapboxMobileEvents (~> 0.10.4)
    - MapxusBaseSDK (= 4.0.0)
  - YYModel (1.0.4)

DEPENDENCIES:
  - MapxusBaseSDK (from `../mapxus-base-sdk-ios-template`)
  - MapxusMapSDK (from `../mapxus-map-sdk-ios-template`)

SPEC REPOS:
  trunk:
    - AFNetworking
    - MapboxMobileEvents
    - YYModel

EXTERNAL SOURCES:
  MapxusBaseSDK:
    :path: "../mapxus-base-sdk-ios-template"
  MapxusMapSDK:
    :path: "../mapxus-map-sdk-ios-template"

SPEC CHECKSUMS:
  AFNetworking: 7864c38297c79aaca1500c33288e429c3451fdce
  MapboxMobileEvents: d0a581dedd8f47411cc65ea520b965e83914316e
  MapxusBaseSDK: 9f9c3c07f5e7340dbf8af5ddb5729fe508c40b17
  MapxusMapSDK: 8391294c127fd28a766dacac548fe3f25e25e747
  YYModel: 2a7fdd96aaa4b86a824e26d0c517de8928c04b30

PODFILE CHECKSUM: 46be8d3472001b9cb5af7b3bfc7251f856e08d50

COCOAPODS: 1.10.0
