// !$*UTF8*$!
{
	archiveVersion = 1;
	classes = {
	};
	objectVersion = 60;
	objects = {

/* Begin PBXAggregateTarget section */
		89E1351B29E95EF300D954D1 /* MapxusComponentKit-Universal */ = {
			isa = PBXAggregateTarget;
			buildConfigurationList = 89E1351C29E95EF300D954D1 /* Build configuration list for PBXAggregateTarget "MapxusComponentKit-Universal" */;
			buildPhases = (
				89E1351F29E95EF900D954D1 /* ShellScript */,
			);
			dependencies = (
			);
			name = "MapxusComponentKit-Universal";
			productName = "MapxusComponentKit-Universal";
		};
/* End PBXAggregateTarget section */

/* Begin PBXBuildFile section */
		327DD5930E9D008D241D7CA9 /* Pods_MapxusComponentKit.framework in Frameworks */ = {isa = PBXBuildFile; fileRef = 70BB58C9BA9570E848B2F88D /* Pods_MapxusComponentKit.framework */; };
		898E9BFB2B205DE200345D0C /* PrivacyInfo.xcprivacy in Resources */ = {isa = PBXBuildFile; fileRef = 898E9BFA2B205DE200345D0C /* PrivacyInfo.xcprivacy */; };
		89C699012B2AE59500F7DD5B /* MXMLocationEnhancer.h in Headers */ = {isa = PBXBuildFile; fileRef = 89C698FF2B2AE59500F7DD5B /* MXMLocationEnhancer.h */; settings = {ATTRIBUTES = (Public, ); }; };
		89C699022B2AE59500F7DD5B /* MXMLocationEnhancer.m in Sources */ = {isa = PBXBuildFile; fileRef = 89C699002B2AE59500F7DD5B /* MXMLocationEnhancer.m */; };
		89E1349D29E95E1200D954D1 /* MapxusComponentKit.framework in Frameworks */ = {isa = PBXBuildFile; fileRef = 89E1349429E95E1200D954D1 /* MapxusComponentKit.framework */; };
		89E134A229E95E1200D954D1 /* MapxusComponentKitTests.m in Sources */ = {isa = PBXBuildFile; fileRef = 89E134A129E95E1200D954D1 /* MapxusComponentKitTests.m */; };
		89E134A329E95E1200D954D1 /* MapxusComponentKit.h in Headers */ = {isa = PBXBuildFile; fileRef = 89E1349729E95E1200D954D1 /* MapxusComponentKit.h */; settings = {ATTRIBUTES = (Public, ); }; };
		89E134D329E95E6800D954D1 /* MXMHttpManager.h in Headers */ = {isa = PBXBuildFile; fileRef = 89E134AD29E95E6700D954D1 /* MXMHttpManager.h */; };
		89E134D429E95E6800D954D1 /* JXJsonFunctionDefine.h in Headers */ = {isa = PBXBuildFile; fileRef = 89E134AE29E95E6700D954D1 /* JXJsonFunctionDefine.h */; };
		89E134D529E95E6800D954D1 /* MXMLoggerService.h in Headers */ = {isa = PBXBuildFile; fileRef = 89E134AF29E95E6700D954D1 /* MXMLoggerService.h */; };
		89E134D629E95E6800D954D1 /* NSString+Compare.h in Headers */ = {isa = PBXBuildFile; fileRef = 89E134B029E95E6700D954D1 /* NSString+Compare.h */; };
		89E134D729E95E6800D954D1 /* MXMMapServices+Private.h in Headers */ = {isa = PBXBuildFile; fileRef = 89E134B129E95E6700D954D1 /* MXMMapServices+Private.h */; };
		89E134D829E95E6800D954D1 /* MXMConstants.h in Headers */ = {isa = PBXBuildFile; fileRef = 89E134B229E95E6700D954D1 /* MXMConstants.h */; };
		89E134D929E95E6800D954D1 /* MXMPainterPathDto.m in Sources */ = {isa = PBXBuildFile; fileRef = 89E134B429E95E6700D954D1 /* MXMPainterPathDto.m */; };
		89E134DA29E95E6800D954D1 /* MXMParagraph.h in Headers */ = {isa = PBXBuildFile; fileRef = 89E134B529E95E6700D954D1 /* MXMParagraph.h */; settings = {ATTRIBUTES = (Public, ); }; };
		89E134DB29E95E6800D954D1 /* MXMRoutePainter.m in Sources */ = {isa = PBXBuildFile; fileRef = 89E134B629E95E6700D954D1 /* MXMRoutePainter.m */; };
		89E134DC29E95E6800D954D1 /* MXMPainterPathDto+Private.h in Headers */ = {isa = PBXBuildFile; fileRef = 89E134B729E95E6700D954D1 /* MXMPainterPathDto+Private.h */; };
		89E134DD29E95E6800D954D1 /* MXMPainterPathDto.h in Headers */ = {isa = PBXBuildFile; fileRef = 89E134B829E95E6700D954D1 /* MXMPainterPathDto.h */; settings = {ATTRIBUTES = (Public, ); }; };
		89E134DE29E95E6800D954D1 /* MXMParagraph.m in Sources */ = {isa = PBXBuildFile; fileRef = 89E134B929E95E6700D954D1 /* MXMParagraph.m */; };
		89E134DF29E95E6800D954D1 /* MXMRoutePainter.h in Headers */ = {isa = PBXBuildFile; fileRef = 89E134BA29E95E6700D954D1 /* MXMRoutePainter.h */; settings = {ATTRIBUTES = (Public, ); }; };
		89E134E029E95E6800D954D1 /* MXMVisualFlagPainter.m in Sources */ = {isa = PBXBuildFile; fileRef = 89E134BC29E95E6800D954D1 /* MXMVisualFlagPainter.m */; };
		89E134E129E95E6800D954D1 /* MXMVisualFlagPainter.h in Headers */ = {isa = PBXBuildFile; fileRef = 89E134BD29E95E6800D954D1 /* MXMVisualFlagPainter.h */; settings = {ATTRIBUTES = (Public, ); }; };
		89E134E229E95E6800D954D1 /* MXMRouteShortener.h in Headers */ = {isa = PBXBuildFile; fileRef = 89E134BF29E95E6800D954D1 /* MXMRouteShortener.h */; settings = {ATTRIBUTES = (Public, ); }; };
		89E134E329E95E6800D954D1 /* MXMRouteProjection.m in Sources */ = {isa = PBXBuildFile; fileRef = 89E134C029E95E6800D954D1 /* MXMRouteProjection.m */; };
		89E134E429E95E6800D954D1 /* LocalBuildingProxy.h in Headers */ = {isa = PBXBuildFile; fileRef = 89E134C129E95E6800D954D1 /* LocalBuildingProxy.h */; };
		89E134E529E95E6800D954D1 /* MXMNavigationPathDTO+Private.h in Headers */ = {isa = PBXBuildFile; fileRef = 89E134C229E95E6800D954D1 /* MXMNavigationPathDTO+Private.h */; };
		89E134E629E95E6800D954D1 /* MXMNavigationPathDTO.h in Headers */ = {isa = PBXBuildFile; fileRef = 89E134C329E95E6800D954D1 /* MXMNavigationPathDTO.h */; settings = {ATTRIBUTES = (Public, ); }; };
		89E134E729E95E6800D954D1 /* CLFloor+Factory.m in Sources */ = {isa = PBXBuildFile; fileRef = 89E134C429E95E6800D954D1 /* CLFloor+Factory.m */; };
		89E134E829E95E6800D954D1 /* CLLocation+ChangeFloor.h in Headers */ = {isa = PBXBuildFile; fileRef = 89E134C529E95E6800D954D1 /* CLLocation+ChangeFloor.h */; settings = {ATTRIBUTES = (Public, ); }; };
		89E134E929E95E6800D954D1 /* GeoFunctions.h in Headers */ = {isa = PBXBuildFile; fileRef = 89E134C629E95E6800D954D1 /* GeoFunctions.h */; };
		89E134EA29E95E6800D954D1 /* MXMLineSegment.m in Sources */ = {isa = PBXBuildFile; fileRef = 89E134C729E95E6800D954D1 /* MXMLineSegment.m */; };
		89E134EB29E95E6800D954D1 /* MXMRouteAdsorber.m in Sources */ = {isa = PBXBuildFile; fileRef = 89E134C829E95E6800D954D1 /* MXMRouteAdsorber.m */; };
		89E134EC29E95E6800D954D1 /* MXMNavigationPathDTO.m in Sources */ = {isa = PBXBuildFile; fileRef = 89E134C929E95E6800D954D1 /* MXMNavigationPathDTO.m */; };
		89E134ED29E95E6800D954D1 /* LocalBuildingProxy.m in Sources */ = {isa = PBXBuildFile; fileRef = 89E134CA29E95E6800D954D1 /* LocalBuildingProxy.m */; };
		89E134EE29E95E6800D954D1 /* MXMRouteProjection.h in Headers */ = {isa = PBXBuildFile; fileRef = 89E134CB29E95E6800D954D1 /* MXMRouteProjection.h */; };
		89E134EF29E95E6800D954D1 /* MXMRouteShortener.m in Sources */ = {isa = PBXBuildFile; fileRef = 89E134CC29E95E6800D954D1 /* MXMRouteShortener.m */; };
		89E134F029E95E6800D954D1 /* GeoFunctions.m in Sources */ = {isa = PBXBuildFile; fileRef = 89E134CD29E95E6800D954D1 /* GeoFunctions.m */; };
		89E134F129E95E6800D954D1 /* CLLocation+ChangeFloor.m in Sources */ = {isa = PBXBuildFile; fileRef = 89E134CE29E95E6800D954D1 /* CLLocation+ChangeFloor.m */; };
		89E134F229E95E6800D954D1 /* CLFloor+Factory.h in Headers */ = {isa = PBXBuildFile; fileRef = 89E134CF29E95E6800D954D1 /* CLFloor+Factory.h */; settings = {ATTRIBUTES = (Public, ); }; };
		89E134F329E95E6800D954D1 /* MXMLineSegment.h in Headers */ = {isa = PBXBuildFile; fileRef = 89E134D029E95E6800D954D1 /* MXMLineSegment.h */; };
		89E134F429E95E6800D954D1 /* MXMRouteAdsorber.h in Headers */ = {isa = PBXBuildFile; fileRef = 89E134D129E95E6800D954D1 /* MXMRouteAdsorber.h */; settings = {ATTRIBUTES = (Public, ); }; };
		89E134F529E95E6800D954D1 /* images.xcassets in Resources */ = {isa = PBXBuildFile; fileRef = 89E134D229E95E6800D954D1 /* images.xcassets */; };
		89E1351429E95ECE00D954D1 /* Mapbox.xcframework in Frameworks */ = {isa = PBXBuildFile; fileRef = 89E1351129E95ECE00D954D1 /* Mapbox.xcframework */; };
		89E1351629E95ECE00D954D1 /* MapxusBaseSDK.xcframework in Frameworks */ = {isa = PBXBuildFile; fileRef = 89E1351229E95ECE00D954D1 /* MapxusBaseSDK.xcframework */; };
		89E1351829E95ECE00D954D1 /* MapxusMapSDK.xcframework in Frameworks */ = {isa = PBXBuildFile; fileRef = 89E1351329E95ECE00D954D1 /* MapxusMapSDK.xcframework */; };
		EC32D364867A1BBA5C689B24 /* Pods_MapxusComponentKitTests.framework in Frameworks */ = {isa = PBXBuildFile; fileRef = DEB337637C6A9CED8E84430B /* Pods_MapxusComponentKitTests.framework */; };
/* End PBXBuildFile section */

/* Begin PBXContainerItemProxy section */
		89E1349E29E95E1200D954D1 /* PBXContainerItemProxy */ = {
			isa = PBXContainerItemProxy;
			containerPortal = 89E1348B29E95E1200D954D1 /* Project object */;
			proxyType = 1;
			remoteGlobalIDString = 89E1349329E95E1200D954D1;
			remoteInfo = MapxusComponentKit;
		};
/* End PBXContainerItemProxy section */

/* Begin PBXFileReference section */
		0185DBC7C738203EC4511EF3 /* Pods-MapxusComponentKit.release.xcconfig */ = {isa = PBXFileReference; includeInIndex = 1; lastKnownFileType = text.xcconfig; name = "Pods-MapxusComponentKit.release.xcconfig"; path = "Target Support Files/Pods-MapxusComponentKit/Pods-MapxusComponentKit.release.xcconfig"; sourceTree = "<group>"; };
		70BB58C9BA9570E848B2F88D /* Pods_MapxusComponentKit.framework */ = {isa = PBXFileReference; explicitFileType = wrapper.framework; includeInIndex = 0; path = Pods_MapxusComponentKit.framework; sourceTree = BUILT_PRODUCTS_DIR; };
		898E9BFA2B205DE200345D0C /* PrivacyInfo.xcprivacy */ = {isa = PBXFileReference; lastKnownFileType = text.xml; path = PrivacyInfo.xcprivacy; sourceTree = "<group>"; };
		89C698FF2B2AE59500F7DD5B /* MXMLocationEnhancer.h */ = {isa = PBXFileReference; lastKnownFileType = sourcecode.c.h; path = MXMLocationEnhancer.h; sourceTree = "<group>"; };
		89C699002B2AE59500F7DD5B /* MXMLocationEnhancer.m */ = {isa = PBXFileReference; lastKnownFileType = sourcecode.c.objc; path = MXMLocationEnhancer.m; sourceTree = "<group>"; };
		89E1349429E95E1200D954D1 /* MapxusComponentKit.framework */ = {isa = PBXFileReference; explicitFileType = wrapper.framework; includeInIndex = 0; path = MapxusComponentKit.framework; sourceTree = BUILT_PRODUCTS_DIR; };
		89E1349729E95E1200D954D1 /* MapxusComponentKit.h */ = {isa = PBXFileReference; lastKnownFileType = sourcecode.c.h; path = MapxusComponentKit.h; sourceTree = "<group>"; };
		89E1349C29E95E1200D954D1 /* MapxusComponentKitTests.xctest */ = {isa = PBXFileReference; explicitFileType = wrapper.cfbundle; includeInIndex = 0; path = MapxusComponentKitTests.xctest; sourceTree = BUILT_PRODUCTS_DIR; };
		89E134A129E95E1200D954D1 /* MapxusComponentKitTests.m */ = {isa = PBXFileReference; lastKnownFileType = sourcecode.c.objc; path = MapxusComponentKitTests.m; sourceTree = "<group>"; };
		89E134AD29E95E6700D954D1 /* MXMHttpManager.h */ = {isa = PBXFileReference; fileEncoding = 4; lastKnownFileType = sourcecode.c.h; path = MXMHttpManager.h; sourceTree = "<group>"; };
		89E134AE29E95E6700D954D1 /* JXJsonFunctionDefine.h */ = {isa = PBXFileReference; fileEncoding = 4; lastKnownFileType = sourcecode.c.h; path = JXJsonFunctionDefine.h; sourceTree = "<group>"; };
		89E134AF29E95E6700D954D1 /* MXMLoggerService.h */ = {isa = PBXFileReference; fileEncoding = 4; lastKnownFileType = sourcecode.c.h; path = MXMLoggerService.h; sourceTree = "<group>"; };
		89E134B029E95E6700D954D1 /* NSString+Compare.h */ = {isa = PBXFileReference; fileEncoding = 4; lastKnownFileType = sourcecode.c.h; path = "NSString+Compare.h"; sourceTree = "<group>"; };
		89E134B129E95E6700D954D1 /* MXMMapServices+Private.h */ = {isa = PBXFileReference; fileEncoding = 4; lastKnownFileType = sourcecode.c.h; path = "MXMMapServices+Private.h"; sourceTree = "<group>"; };
		89E134B229E95E6700D954D1 /* MXMConstants.h */ = {isa = PBXFileReference; fileEncoding = 4; lastKnownFileType = sourcecode.c.h; path = MXMConstants.h; sourceTree = "<group>"; };
		89E134B429E95E6700D954D1 /* MXMPainterPathDto.m */ = {isa = PBXFileReference; fileEncoding = 4; lastKnownFileType = sourcecode.c.objc; path = MXMPainterPathDto.m; sourceTree = "<group>"; };
		89E134B529E95E6700D954D1 /* MXMParagraph.h */ = {isa = PBXFileReference; fileEncoding = 4; lastKnownFileType = sourcecode.c.h; path = MXMParagraph.h; sourceTree = "<group>"; };
		89E134B629E95E6700D954D1 /* MXMRoutePainter.m */ = {isa = PBXFileReference; fileEncoding = 4; lastKnownFileType = sourcecode.c.objc; path = MXMRoutePainter.m; sourceTree = "<group>"; };
		89E134B729E95E6700D954D1 /* MXMPainterPathDto+Private.h */ = {isa = PBXFileReference; fileEncoding = 4; lastKnownFileType = sourcecode.c.h; path = "MXMPainterPathDto+Private.h"; sourceTree = "<group>"; };
		89E134B829E95E6700D954D1 /* MXMPainterPathDto.h */ = {isa = PBXFileReference; fileEncoding = 4; lastKnownFileType = sourcecode.c.h; path = MXMPainterPathDto.h; sourceTree = "<group>"; };
		89E134B929E95E6700D954D1 /* MXMParagraph.m */ = {isa = PBXFileReference; fileEncoding = 4; lastKnownFileType = sourcecode.c.objc; path = MXMParagraph.m; sourceTree = "<group>"; };
		89E134BA29E95E6700D954D1 /* MXMRoutePainter.h */ = {isa = PBXFileReference; fileEncoding = 4; lastKnownFileType = sourcecode.c.h; path = MXMRoutePainter.h; sourceTree = "<group>"; };
		89E134BC29E95E6800D954D1 /* MXMVisualFlagPainter.m */ = {isa = PBXFileReference; fileEncoding = 4; lastKnownFileType = sourcecode.c.objc; path = MXMVisualFlagPainter.m; sourceTree = "<group>"; };
		89E134BD29E95E6800D954D1 /* MXMVisualFlagPainter.h */ = {isa = PBXFileReference; fileEncoding = 4; lastKnownFileType = sourcecode.c.h; path = MXMVisualFlagPainter.h; sourceTree = "<group>"; };
		89E134BF29E95E6800D954D1 /* MXMRouteShortener.h */ = {isa = PBXFileReference; fileEncoding = 4; lastKnownFileType = sourcecode.c.h; path = MXMRouteShortener.h; sourceTree = "<group>"; };
		89E134C029E95E6800D954D1 /* MXMRouteProjection.m */ = {isa = PBXFileReference; fileEncoding = 4; lastKnownFileType = sourcecode.c.objc; path = MXMRouteProjection.m; sourceTree = "<group>"; };
		89E134C129E95E6800D954D1 /* LocalBuildingProxy.h */ = {isa = PBXFileReference; fileEncoding = 4; lastKnownFileType = sourcecode.c.h; path = LocalBuildingProxy.h; sourceTree = "<group>"; };
		89E134C229E95E6800D954D1 /* MXMNavigationPathDTO+Private.h */ = {isa = PBXFileReference; fileEncoding = 4; lastKnownFileType = sourcecode.c.h; path = "MXMNavigationPathDTO+Private.h"; sourceTree = "<group>"; };
		89E134C329E95E6800D954D1 /* MXMNavigationPathDTO.h */ = {isa = PBXFileReference; fileEncoding = 4; lastKnownFileType = sourcecode.c.h; path = MXMNavigationPathDTO.h; sourceTree = "<group>"; };
		89E134C429E95E6800D954D1 /* CLFloor+Factory.m */ = {isa = PBXFileReference; fileEncoding = 4; lastKnownFileType = sourcecode.c.objc; path = "CLFloor+Factory.m"; sourceTree = "<group>"; };
		89E134C529E95E6800D954D1 /* CLLocation+ChangeFloor.h */ = {isa = PBXFileReference; fileEncoding = 4; lastKnownFileType = sourcecode.c.h; path = "CLLocation+ChangeFloor.h"; sourceTree = "<group>"; };
		89E134C629E95E6800D954D1 /* GeoFunctions.h */ = {isa = PBXFileReference; fileEncoding = 4; lastKnownFileType = sourcecode.c.h; path = GeoFunctions.h; sourceTree = "<group>"; };
		89E134C729E95E6800D954D1 /* MXMLineSegment.m */ = {isa = PBXFileReference; fileEncoding = 4; lastKnownFileType = sourcecode.c.objc; path = MXMLineSegment.m; sourceTree = "<group>"; };
		89E134C829E95E6800D954D1 /* MXMRouteAdsorber.m */ = {isa = PBXFileReference; fileEncoding = 4; lastKnownFileType = sourcecode.c.objc; path = MXMRouteAdsorber.m; sourceTree = "<group>"; };
		89E134C929E95E6800D954D1 /* MXMNavigationPathDTO.m */ = {isa = PBXFileReference; fileEncoding = 4; lastKnownFileType = sourcecode.c.objc; path = MXMNavigationPathDTO.m; sourceTree = "<group>"; };
		89E134CA29E95E6800D954D1 /* LocalBuildingProxy.m */ = {isa = PBXFileReference; fileEncoding = 4; lastKnownFileType = sourcecode.c.objc; path = LocalBuildingProxy.m; sourceTree = "<group>"; };
		89E134CB29E95E6800D954D1 /* MXMRouteProjection.h */ = {isa = PBXFileReference; fileEncoding = 4; lastKnownFileType = sourcecode.c.h; path = MXMRouteProjection.h; sourceTree = "<group>"; };
		89E134CC29E95E6800D954D1 /* MXMRouteShortener.m */ = {isa = PBXFileReference; fileEncoding = 4; lastKnownFileType = sourcecode.c.objc; path = MXMRouteShortener.m; sourceTree = "<group>"; };
		89E134CD29E95E6800D954D1 /* GeoFunctions.m */ = {isa = PBXFileReference; fileEncoding = 4; lastKnownFileType = sourcecode.c.objc; path = GeoFunctions.m; sourceTree = "<group>"; };
		89E134CE29E95E6800D954D1 /* CLLocation+ChangeFloor.m */ = {isa = PBXFileReference; fileEncoding = 4; lastKnownFileType = sourcecode.c.objc; path = "CLLocation+ChangeFloor.m"; sourceTree = "<group>"; };
		89E134CF29E95E6800D954D1 /* CLFloor+Factory.h */ = {isa = PBXFileReference; fileEncoding = 4; lastKnownFileType = sourcecode.c.h; path = "CLFloor+Factory.h"; sourceTree = "<group>"; };
		89E134D029E95E6800D954D1 /* MXMLineSegment.h */ = {isa = PBXFileReference; fileEncoding = 4; lastKnownFileType = sourcecode.c.h; path = MXMLineSegment.h; sourceTree = "<group>"; };
		89E134D129E95E6800D954D1 /* MXMRouteAdsorber.h */ = {isa = PBXFileReference; fileEncoding = 4; lastKnownFileType = sourcecode.c.h; path = MXMRouteAdsorber.h; sourceTree = "<group>"; };
		89E134D229E95E6800D954D1 /* images.xcassets */ = {isa = PBXFileReference; lastKnownFileType = folder.assetcatalog; path = images.xcassets; sourceTree = "<group>"; };
		89E134F629E95E8300D954D1 /* Gemfile */ = {isa = PBXFileReference; fileEncoding = 4; lastKnownFileType = text; path = Gemfile; sourceTree = "<group>"; };
		89E134F729E95E8300D954D1 /* AutoBuild.sh */ = {isa = PBXFileReference; fileEncoding = 4; lastKnownFileType = text.script.sh; path = AutoBuild.sh; sourceTree = "<group>"; };
		89E134FA29E95E8300D954D1 /* kawasaki.prod.xcconfig */ = {isa = PBXFileReference; fileEncoding = 4; lastKnownFileType = text.xcconfig; path = kawasaki.prod.xcconfig; sourceTree = "<group>"; };
		89E134FB29E95E8300D954D1 /* common.xcconfig */ = {isa = PBXFileReference; fileEncoding = 4; lastKnownFileType = text.xcconfig; path = common.xcconfig; sourceTree = "<group>"; };
		89E134FD29E95E8300D954D1 /* mapxus.prod.xcconfig */ = {isa = PBXFileReference; fileEncoding = 4; lastKnownFileType = text.xcconfig; path = mapxus.prod.xcconfig; sourceTree = "<group>"; };
		89E134FE29E95E8300D954D1 /* landsd.prod.xcconfig */ = {isa = PBXFileReference; fileEncoding = 4; lastKnownFileType = text.xcconfig; path = landsd.prod.xcconfig; sourceTree = "<group>"; };
		89E134FF29E95E8300D954D1 /* mapxus.test.xcconfig */ = {isa = PBXFileReference; fileEncoding = 4; lastKnownFileType = text.xcconfig; path = mapxus.test.xcconfig; sourceTree = "<group>"; };
		89E1350029E95E8300D954D1 /* landsd.test.xcconfig */ = {isa = PBXFileReference; fileEncoding = 4; lastKnownFileType = text.xcconfig; path = landsd.test.xcconfig; sourceTree = "<group>"; };
		89E1350229E95E8300D954D1 /* IOS-Universal-Framework_aggregate.sh */ = {isa = PBXFileReference; fileEncoding = 4; lastKnownFileType = text.script.sh; path = "IOS-Universal-Framework_aggregate.sh"; sourceTree = "<group>"; };
		89E1350329E95E8300D954D1 /* UploadCocoapods.sh */ = {isa = PBXFileReference; fileEncoding = 4; lastKnownFileType = text.script.sh; path = UploadCocoapods.sh; sourceTree = "<group>"; };
		89E1351129E95ECE00D954D1 /* Mapbox.xcframework */ = {isa = PBXFileReference; lastKnownFileType = wrapper.xcframework; name = Mapbox.xcframework; path = Pods/MapxusRenderSDK/Mapbox.xcframework; sourceTree = "<group>"; };
		89E1351229E95ECE00D954D1 /* MapxusBaseSDK.xcframework */ = {isa = PBXFileReference; expectedSignature = "AppleDeveloperProgram:ZNBZ7BZAKZ:MAPHIVE TECHNOLOGY LIMITED"; lastKnownFileType = wrapper.xcframework; name = MapxusBaseSDK.xcframework; path = "../mapxus-base-sdk-ios/dynamic/MapxusBaseSDK.xcframework"; sourceTree = "<group>"; };
		89E1351329E95ECE00D954D1 /* MapxusMapSDK.xcframework */ = {isa = PBXFileReference; expectedSignature = "AppleDeveloperProgram:ZNBZ7BZAKZ:MAPHIVE TECHNOLOGY LIMITED"; lastKnownFileType = wrapper.xcframework; name = MapxusMapSDK.xcframework; path = "../mapxus-map-sdk-ios/dynamic/MapxusMapSDK.xcframework"; sourceTree = "<group>"; };
		AFD2FC78C0EDD366D6737B5F /* Pods-MapxusComponentKitTests.release.xcconfig */ = {isa = PBXFileReference; includeInIndex = 1; lastKnownFileType = text.xcconfig; name = "Pods-MapxusComponentKitTests.release.xcconfig"; path = "Target Support Files/Pods-MapxusComponentKitTests/Pods-MapxusComponentKitTests.release.xcconfig"; sourceTree = "<group>"; };
		CF3B1FF1002F555B25C7AD74 /* Pods-MapxusComponentKit.debug.xcconfig */ = {isa = PBXFileReference; includeInIndex = 1; lastKnownFileType = text.xcconfig; name = "Pods-MapxusComponentKit.debug.xcconfig"; path = "Target Support Files/Pods-MapxusComponentKit/Pods-MapxusComponentKit.debug.xcconfig"; sourceTree = "<group>"; };
		DEB337637C6A9CED8E84430B /* Pods_MapxusComponentKitTests.framework */ = {isa = PBXFileReference; explicitFileType = wrapper.framework; includeInIndex = 0; path = Pods_MapxusComponentKitTests.framework; sourceTree = BUILT_PRODUCTS_DIR; };
		EE2511CDE13241CF301DF763 /* Pods-MapxusComponentKitTests.debug.xcconfig */ = {isa = PBXFileReference; includeInIndex = 1; lastKnownFileType = text.xcconfig; name = "Pods-MapxusComponentKitTests.debug.xcconfig"; path = "Target Support Files/Pods-MapxusComponentKitTests/Pods-MapxusComponentKitTests.debug.xcconfig"; sourceTree = "<group>"; };
/* End PBXFileReference section */

/* Begin PBXFrameworksBuildPhase section */
		89E1349129E95E1200D954D1 /* Frameworks */ = {
			isa = PBXFrameworksBuildPhase;
			buildActionMask = 2147483647;
			files = (
				89E1351629E95ECE00D954D1 /* MapxusBaseSDK.xcframework in Frameworks */,
				89E1351829E95ECE00D954D1 /* MapxusMapSDK.xcframework in Frameworks */,
				89E1351429E95ECE00D954D1 /* Mapbox.xcframework in Frameworks */,
				327DD5930E9D008D241D7CA9 /* Pods_MapxusComponentKit.framework in Frameworks */,
			);
			runOnlyForDeploymentPostprocessing = 0;
		};
		89E1349929E95E1200D954D1 /* Frameworks */ = {
			isa = PBXFrameworksBuildPhase;
			buildActionMask = 2147483647;
			files = (
				89E1349D29E95E1200D954D1 /* MapxusComponentKit.framework in Frameworks */,
				EC32D364867A1BBA5C689B24 /* Pods_MapxusComponentKitTests.framework in Frameworks */,
			);
			runOnlyForDeploymentPostprocessing = 0;
		};
/* End PBXFrameworksBuildPhase section */

/* Begin PBXGroup section */
		0809FE88E89CD5EB11BD2CE9 /* Frameworks */ = {
			isa = PBXGroup;
			children = (
				89E1351129E95ECE00D954D1 /* Mapbox.xcframework */,
				89E1351229E95ECE00D954D1 /* MapxusBaseSDK.xcframework */,
				89E1351329E95ECE00D954D1 /* MapxusMapSDK.xcframework */,
				70BB58C9BA9570E848B2F88D /* Pods_MapxusComponentKit.framework */,
				DEB337637C6A9CED8E84430B /* Pods_MapxusComponentKitTests.framework */,
			);
			name = Frameworks;
			sourceTree = "<group>";
		};
		8339CDD82BF4D5D2D8BE197E /* Pods */ = {
			isa = PBXGroup;
			children = (
				CF3B1FF1002F555B25C7AD74 /* Pods-MapxusComponentKit.debug.xcconfig */,
				0185DBC7C738203EC4511EF3 /* Pods-MapxusComponentKit.release.xcconfig */,
				EE2511CDE13241CF301DF763 /* Pods-MapxusComponentKitTests.debug.xcconfig */,
				AFD2FC78C0EDD366D6737B5F /* Pods-MapxusComponentKitTests.release.xcconfig */,
			);
			path = Pods;
			sourceTree = "<group>";
		};
		89E1348A29E95E1200D954D1 = {
			isa = PBXGroup;
			children = (
				89E134F629E95E8300D954D1 /* Gemfile */,
				89E134F829E95E8300D954D1 /* BuildConfig */,
				89E134F729E95E8300D954D1 /* AutoBuild.sh */,
				89E1350229E95E8300D954D1 /* IOS-Universal-Framework_aggregate.sh */,
				89E1350329E95E8300D954D1 /* UploadCocoapods.sh */,
				89E1349629E95E1200D954D1 /* MapxusComponentKit */,
				89E134A029E95E1200D954D1 /* MapxusComponentKitTests */,
				89E1349529E95E1200D954D1 /* Products */,
				8339CDD82BF4D5D2D8BE197E /* Pods */,
				0809FE88E89CD5EB11BD2CE9 /* Frameworks */,
			);
			sourceTree = "<group>";
		};
		89E1349529E95E1200D954D1 /* Products */ = {
			isa = PBXGroup;
			children = (
				89E1349429E95E1200D954D1 /* MapxusComponentKit.framework */,
				89E1349C29E95E1200D954D1 /* MapxusComponentKitTests.xctest */,
			);
			name = Products;
			sourceTree = "<group>";
		};
		89E1349629E95E1200D954D1 /* MapxusComponentKit */ = {
			isa = PBXGroup;
			children = (
				89E134D229E95E6800D954D1 /* images.xcassets */,
				89E134AC29E95E6700D954D1 /* FoundationKit */,
				89E134BE29E95E6800D954D1 /* Navigation */,
				89E134B329E95E6700D954D1 /* RoutePainter */,
				89E134BB29E95E6800D954D1 /* VisualFlagPainter */,
				89E1349729E95E1200D954D1 /* MapxusComponentKit.h */,
				898E9BFA2B205DE200345D0C /* PrivacyInfo.xcprivacy */,
			);
			path = MapxusComponentKit;
			sourceTree = "<group>";
		};
		89E134A029E95E1200D954D1 /* MapxusComponentKitTests */ = {
			isa = PBXGroup;
			children = (
				89E134A129E95E1200D954D1 /* MapxusComponentKitTests.m */,
			);
			path = MapxusComponentKitTests;
			sourceTree = "<group>";
		};
		89E134AC29E95E6700D954D1 /* FoundationKit */ = {
			isa = PBXGroup;
			children = (
				89E134AD29E95E6700D954D1 /* MXMHttpManager.h */,
				89E134AE29E95E6700D954D1 /* JXJsonFunctionDefine.h */,
				89E134AF29E95E6700D954D1 /* MXMLoggerService.h */,
				89E134B029E95E6700D954D1 /* NSString+Compare.h */,
				89E134B129E95E6700D954D1 /* MXMMapServices+Private.h */,
				89E134B229E95E6700D954D1 /* MXMConstants.h */,
			);
			path = FoundationKit;
			sourceTree = "<group>";
		};
		89E134B329E95E6700D954D1 /* RoutePainter */ = {
			isa = PBXGroup;
			children = (
				89E134B529E95E6700D954D1 /* MXMParagraph.h */,
				89E134B929E95E6700D954D1 /* MXMParagraph.m */,
				89E134B729E95E6700D954D1 /* MXMPainterPathDto+Private.h */,
				89E134B829E95E6700D954D1 /* MXMPainterPathDto.h */,
				89E134B429E95E6700D954D1 /* MXMPainterPathDto.m */,
				89E134BA29E95E6700D954D1 /* MXMRoutePainter.h */,
				89E134B629E95E6700D954D1 /* MXMRoutePainter.m */,
			);
			path = RoutePainter;
			sourceTree = "<group>";
		};
		89E134BB29E95E6800D954D1 /* VisualFlagPainter */ = {
			isa = PBXGroup;
			children = (
				89E134BD29E95E6800D954D1 /* MXMVisualFlagPainter.h */,
				89E134BC29E95E6800D954D1 /* MXMVisualFlagPainter.m */,
			);
			path = VisualFlagPainter;
			sourceTree = "<group>";
		};
		89E134BE29E95E6800D954D1 /* Navigation */ = {
			isa = PBXGroup;
			children = (
				89E134CB29E95E6800D954D1 /* MXMRouteProjection.h */,
				89E134C029E95E6800D954D1 /* MXMRouteProjection.m */,
				89E134C229E95E6800D954D1 /* MXMNavigationPathDTO+Private.h */,
				89E134C329E95E6800D954D1 /* MXMNavigationPathDTO.h */,
				89E134C929E95E6800D954D1 /* MXMNavigationPathDTO.m */,
				89E134CF29E95E6800D954D1 /* CLFloor+Factory.h */,
				89E134C429E95E6800D954D1 /* CLFloor+Factory.m */,
				89E134D029E95E6800D954D1 /* MXMLineSegment.h */,
				89E134C729E95E6800D954D1 /* MXMLineSegment.m */,
				89E134C129E95E6800D954D1 /* LocalBuildingProxy.h */,
				89E134CA29E95E6800D954D1 /* LocalBuildingProxy.m */,
				89E134BF29E95E6800D954D1 /* MXMRouteShortener.h */,
				89E134CC29E95E6800D954D1 /* MXMRouteShortener.m */,
				89E134C629E95E6800D954D1 /* GeoFunctions.h */,
				89E134CD29E95E6800D954D1 /* GeoFunctions.m */,
				89E134C529E95E6800D954D1 /* CLLocation+ChangeFloor.h */,
				89E134CE29E95E6800D954D1 /* CLLocation+ChangeFloor.m */,
				89E134D129E95E6800D954D1 /* MXMRouteAdsorber.h */,
				89E134C829E95E6800D954D1 /* MXMRouteAdsorber.m */,
				89C698FF2B2AE59500F7DD5B /* MXMLocationEnhancer.h */,
				89C699002B2AE59500F7DD5B /* MXMLocationEnhancer.m */,
			);
			path = Navigation;
			sourceTree = "<group>";
		};
		89E134F829E95E8300D954D1 /* BuildConfig */ = {
			isa = PBXGroup;
			children = (
				89E134FB29E95E8300D954D1 /* common.xcconfig */,
				89E134FA29E95E8300D954D1 /* kawasaki.prod.xcconfig */,
				89E134FD29E95E8300D954D1 /* mapxus.prod.xcconfig */,
				89E134FE29E95E8300D954D1 /* landsd.prod.xcconfig */,
				89E134FF29E95E8300D954D1 /* mapxus.test.xcconfig */,
				89E1350029E95E8300D954D1 /* landsd.test.xcconfig */,
			);
			path = BuildConfig;
			sourceTree = "<group>";
		};
/* End PBXGroup section */

/* Begin PBXHeadersBuildPhase section */
		89E1348F29E95E1200D954D1 /* Headers */ = {
			isa = PBXHeadersBuildPhase;
			buildActionMask = 2147483647;
			files = (
				89E134D729E95E6800D954D1 /* MXMMapServices+Private.h in Headers */,
				89E134DF29E95E6800D954D1 /* MXMRoutePainter.h in Headers */,
				89E134E629E95E6800D954D1 /* MXMNavigationPathDTO.h in Headers */,
				89E134E229E95E6800D954D1 /* MXMRouteShortener.h in Headers */,
				89E134E129E95E6800D954D1 /* MXMVisualFlagPainter.h in Headers */,
				89E134E829E95E6800D954D1 /* CLLocation+ChangeFloor.h in Headers */,
				89E134F429E95E6800D954D1 /* MXMRouteAdsorber.h in Headers */,
				89E134F229E95E6800D954D1 /* CLFloor+Factory.h in Headers */,
				89E134DD29E95E6800D954D1 /* MXMPainterPathDto.h in Headers */,
				89C699012B2AE59500F7DD5B /* MXMLocationEnhancer.h in Headers */,
				89E134DA29E95E6800D954D1 /* MXMParagraph.h in Headers */,
				89E134E429E95E6800D954D1 /* LocalBuildingProxy.h in Headers */,
				89E134D429E95E6800D954D1 /* JXJsonFunctionDefine.h in Headers */,
				89E134F329E95E6800D954D1 /* MXMLineSegment.h in Headers */,
				89E134DC29E95E6800D954D1 /* MXMPainterPathDto+Private.h in Headers */,
				89E134EE29E95E6800D954D1 /* MXMRouteProjection.h in Headers */,
				89E134D629E95E6800D954D1 /* NSString+Compare.h in Headers */,
				89E134E529E95E6800D954D1 /* MXMNavigationPathDTO+Private.h in Headers */,
				89E134D829E95E6800D954D1 /* MXMConstants.h in Headers */,
				89E134A329E95E1200D954D1 /* MapxusComponentKit.h in Headers */,
				89E134D329E95E6800D954D1 /* MXMHttpManager.h in Headers */,
				89E134D529E95E6800D954D1 /* MXMLoggerService.h in Headers */,
				89E134E929E95E6800D954D1 /* GeoFunctions.h in Headers */,
			);
			runOnlyForDeploymentPostprocessing = 0;
		};
/* End PBXHeadersBuildPhase section */

/* Begin PBXNativeTarget section */
		89E1349329E95E1200D954D1 /* MapxusComponentKit */ = {
			isa = PBXNativeTarget;
			buildConfigurationList = 89E134A629E95E1200D954D1 /* Build configuration list for PBXNativeTarget "MapxusComponentKit" */;
			buildPhases = (
				2DF82A513EBF2074A82BC533 /* [CP] Check Pods Manifest.lock */,
				89E1348F29E95E1200D954D1 /* Headers */,
				89E1349029E95E1200D954D1 /* Sources */,
				89E1349129E95E1200D954D1 /* Frameworks */,
				89E1349229E95E1200D954D1 /* Resources */,
			);
			buildRules = (
			);
			dependencies = (
			);
			name = MapxusComponentKit;
			productName = MapxusComponentKit;
			productReference = 89E1349429E95E1200D954D1 /* MapxusComponentKit.framework */;
			productType = "com.apple.product-type.framework";
		};
		89E1349B29E95E1200D954D1 /* MapxusComponentKitTests */ = {
			isa = PBXNativeTarget;
			buildConfigurationList = 89E134A929E95E1200D954D1 /* Build configuration list for PBXNativeTarget "MapxusComponentKitTests" */;
			buildPhases = (
				B47676E871F2C717FD2AFBB8 /* [CP] Check Pods Manifest.lock */,
				89E1349829E95E1200D954D1 /* Sources */,
				89E1349929E95E1200D954D1 /* Frameworks */,
				89E1349A29E95E1200D954D1 /* Resources */,
			);
			buildRules = (
			);
			dependencies = (
				89E1349F29E95E1200D954D1 /* PBXTargetDependency */,
			);
			name = MapxusComponentKitTests;
			productName = MapxusComponentKitTests;
			productReference = 89E1349C29E95E1200D954D1 /* MapxusComponentKitTests.xctest */;
			productType = "com.apple.product-type.bundle.unit-test";
		};
/* End PBXNativeTarget section */

/* Begin PBXProject section */
		89E1348B29E95E1200D954D1 /* Project object */ = {
			isa = PBXProject;
			attributes = {
				BuildIndependentTargetsInParallel = 1;
				LastUpgradeCheck = 1430;
				TargetAttributes = {
					89E1349329E95E1200D954D1 = {
						CreatedOnToolsVersion = 14.3;
					};
					89E1349B29E95E1200D954D1 = {
						CreatedOnToolsVersion = 14.3;
					};
					89E1351B29E95EF300D954D1 = {
						CreatedOnToolsVersion = 14.3;
					};
				};
			};
			buildConfigurationList = 89E1348E29E95E1200D954D1 /* Build configuration list for PBXProject "MapxusComponentKit" */;
			compatibilityVersion = "Xcode 14.0";
			developmentRegion = en;
			hasScannedForEncodings = 0;
			knownRegions = (
				en,
				Base,
			);
			mainGroup = 89E1348A29E95E1200D954D1;
			productRefGroup = 89E1349529E95E1200D954D1 /* Products */;
			projectDirPath = "";
			projectRoot = "";
			targets = (
				89E1349329E95E1200D954D1 /* MapxusComponentKit */,
				89E1349B29E95E1200D954D1 /* MapxusComponentKitTests */,
				89E1351B29E95EF300D954D1 /* MapxusComponentKit-Universal */,
			);
		};
/* End PBXProject section */

/* Begin PBXResourcesBuildPhase section */
		89E1349229E95E1200D954D1 /* Resources */ = {
			isa = PBXResourcesBuildPhase;
			buildActionMask = 2147483647;
			files = (
				898E9BFB2B205DE200345D0C /* PrivacyInfo.xcprivacy in Resources */,
				89E134F529E95E6800D954D1 /* images.xcassets in Resources */,
			);
			runOnlyForDeploymentPostprocessing = 0;
		};
		89E1349A29E95E1200D954D1 /* Resources */ = {
			isa = PBXResourcesBuildPhase;
			buildActionMask = 2147483647;
			files = (
			);
			runOnlyForDeploymentPostprocessing = 0;
		};
/* End PBXResourcesBuildPhase section */

/* Begin PBXShellScriptBuildPhase section */
		2DF82A513EBF2074A82BC533 /* [CP] Check Pods Manifest.lock */ = {
			isa = PBXShellScriptBuildPhase;
			buildActionMask = 2147483647;
			files = (
			);
			inputFileListPaths = (
			);
			inputPaths = (
				"${PODS_PODFILE_DIR_PATH}/Podfile.lock",
				"${PODS_ROOT}/Manifest.lock",
			);
			name = "[CP] Check Pods Manifest.lock";
			outputFileListPaths = (
			);
			outputPaths = (
				"$(DERIVED_FILE_DIR)/Pods-MapxusComponentKit-checkManifestLockResult.txt",
			);
			runOnlyForDeploymentPostprocessing = 0;
			shellPath = /bin/sh;
			shellScript = "diff \"${PODS_PODFILE_DIR_PATH}/Podfile.lock\" \"${PODS_ROOT}/Manifest.lock\" > /dev/null\nif [ $? != 0 ] ; then\n    # print error to STDERR\n    echo \"error: The sandbox is not in sync with the Podfile.lock. Run 'pod install' or update your CocoaPods installation.\" >&2\n    exit 1\nfi\n# This output is used by Xcode 'outputs' to avoid re-running this script phase.\necho \"SUCCESS\" > \"${SCRIPT_OUTPUT_FILE_0}\"\n";
			showEnvVarsInLog = 0;
		};
		89E1351F29E95EF900D954D1 /* ShellScript */ = {
			isa = PBXShellScriptBuildPhase;
			buildActionMask = 2147483647;
			files = (
			);
			inputFileListPaths = (
			);
			inputPaths = (
			);
			outputFileListPaths = (
			);
			outputPaths = (
			);
			runOnlyForDeploymentPostprocessing = 0;
			shellPath = /bin/sh;
			shellScript = "# Type a script or drag a script file from your workspace to insert its path.\nbash \"${PROJECT_DIR}/IOS-Universal-Framework_aggregate.sh\"\n";
		};
		B47676E871F2C717FD2AFBB8 /* [CP] Check Pods Manifest.lock */ = {
			isa = PBXShellScriptBuildPhase;
			buildActionMask = 2147483647;
			files = (
			);
			inputFileListPaths = (
			);
			inputPaths = (
				"${PODS_PODFILE_DIR_PATH}/Podfile.lock",
				"${PODS_ROOT}/Manifest.lock",
			);
			name = "[CP] Check Pods Manifest.lock";
			outputFileListPaths = (
			);
			outputPaths = (
				"$(DERIVED_FILE_DIR)/Pods-MapxusComponentKitTests-checkManifestLockResult.txt",
			);
			runOnlyForDeploymentPostprocessing = 0;
			shellPath = /bin/sh;
			shellScript = "diff \"${PODS_PODFILE_DIR_PATH}/Podfile.lock\" \"${PODS_ROOT}/Manifest.lock\" > /dev/null\nif [ $? != 0 ] ; then\n    # print error to STDERR\n    echo \"error: The sandbox is not in sync with the Podfile.lock. Run 'pod install' or update your CocoaPods installation.\" >&2\n    exit 1\nfi\n# This output is used by Xcode 'outputs' to avoid re-running this script phase.\necho \"SUCCESS\" > \"${SCRIPT_OUTPUT_FILE_0}\"\n";
			showEnvVarsInLog = 0;
		};
/* End PBXShellScriptBuildPhase section */

/* Begin PBXSourcesBuildPhase section */
		89E1349029E95E1200D954D1 /* Sources */ = {
			isa = PBXSourcesBuildPhase;
			buildActionMask = 2147483647;
			files = (
				89E134EB29E95E6800D954D1 /* MXMRouteAdsorber.m in Sources */,
				89E134E329E95E6800D954D1 /* MXMRouteProjection.m in Sources */,
				89E134E029E95E6800D954D1 /* MXMVisualFlagPainter.m in Sources */,
				89E134E729E95E6800D954D1 /* CLFloor+Factory.m in Sources */,
				89E134DE29E95E6800D954D1 /* MXMParagraph.m in Sources */,
				89E134F029E95E6800D954D1 /* GeoFunctions.m in Sources */,
				89E134F129E95E6800D954D1 /* CLLocation+ChangeFloor.m in Sources */,
				89C699022B2AE59500F7DD5B /* MXMLocationEnhancer.m in Sources */,
				89E134DB29E95E6800D954D1 /* MXMRoutePainter.m in Sources */,
				89E134EA29E95E6800D954D1 /* MXMLineSegment.m in Sources */,
				89E134EC29E95E6800D954D1 /* MXMNavigationPathDTO.m in Sources */,
				89E134EF29E95E6800D954D1 /* MXMRouteShortener.m in Sources */,
				89E134ED29E95E6800D954D1 /* LocalBuildingProxy.m in Sources */,
				89E134D929E95E6800D954D1 /* MXMPainterPathDto.m in Sources */,
			);
			runOnlyForDeploymentPostprocessing = 0;
		};
		89E1349829E95E1200D954D1 /* Sources */ = {
			isa = PBXSourcesBuildPhase;
			buildActionMask = 2147483647;
			files = (
				89E134A229E95E1200D954D1 /* MapxusComponentKitTests.m in Sources */,
			);
			runOnlyForDeploymentPostprocessing = 0;
		};
/* End PBXSourcesBuildPhase section */

/* Begin PBXTargetDependency section */
		89E1349F29E95E1200D954D1 /* PBXTargetDependency */ = {
			isa = PBXTargetDependency;
			target = 89E1349329E95E1200D954D1 /* MapxusComponentKit */;
			targetProxy = 89E1349E29E95E1200D954D1 /* PBXContainerItemProxy */;
		};
/* End PBXTargetDependency section */

/* Begin XCBuildConfiguration section */
		89E134A429E95E1200D954D1 /* Debug */ = {
			isa = XCBuildConfiguration;
			baseConfigurationReference = 89E134FD29E95E8300D954D1 /* mapxus.prod.xcconfig */;
			buildSettings = {
				ALWAYS_SEARCH_USER_PATHS = NO;
				CLANG_ANALYZER_NONNULL = YES;
				CLANG_ANALYZER_NUMBER_OBJECT_CONVERSION = YES_AGGRESSIVE;
				CLANG_CXX_LANGUAGE_STANDARD = "gnu++20";
				CLANG_ENABLE_MODULES = YES;
				CLANG_ENABLE_OBJC_ARC = YES;
				CLANG_ENABLE_OBJC_WEAK = YES;
				CLANG_WARN_BLOCK_CAPTURE_AUTORELEASING = YES;
				CLANG_WARN_BOOL_CONVERSION = YES;
				CLANG_WARN_COMMA = YES;
				CLANG_WARN_CONSTANT_CONVERSION = YES;
				CLANG_WARN_DEPRECATED_OBJC_IMPLEMENTATIONS = YES;
				CLANG_WARN_DIRECT_OBJC_ISA_USAGE = YES_ERROR;
				CLANG_WARN_DOCUMENTATION_COMMENTS = YES;
				CLANG_WARN_EMPTY_BODY = YES;
				CLANG_WARN_ENUM_CONVERSION = YES;
				CLANG_WARN_INFINITE_RECURSION = YES;
				CLANG_WARN_INT_CONVERSION = YES;
				CLANG_WARN_NON_LITERAL_NULL_CONVERSION = YES;
				CLANG_WARN_OBJC_IMPLICIT_RETAIN_SELF = YES;
				CLANG_WARN_OBJC_LITERAL_CONVERSION = YES;
				CLANG_WARN_OBJC_ROOT_CLASS = YES_ERROR;
				CLANG_WARN_QUOTED_INCLUDE_IN_FRAMEWORK_HEADER = YES;
				CLANG_WARN_RANGE_LOOP_ANALYSIS = YES;
				CLANG_WARN_STRICT_PROTOTYPES = YES;
				CLANG_WARN_SUSPICIOUS_MOVE = YES;
				CLANG_WARN_UNGUARDED_AVAILABILITY = YES_AGGRESSIVE;
				CLANG_WARN_UNREACHABLE_CODE = YES;
				CLANG_WARN__DUPLICATE_METHOD_MATCH = YES;
				COPY_PHASE_STRIP = NO;
				CURRENT_PROJECT_VERSION = 23.12.21.16.36;
				DEBUG_INFORMATION_FORMAT = dwarf;
				ENABLE_STRICT_OBJC_MSGSEND = YES;
				ENABLE_TESTABILITY = YES;
				GCC_C_LANGUAGE_STANDARD = gnu11;
				GCC_DYNAMIC_NO_PIC = NO;
				GCC_NO_COMMON_BLOCKS = YES;
				GCC_OPTIMIZATION_LEVEL = 0;
				GCC_PREPROCESSOR_DEFINITIONS = (
					"DEBUG=1",
					"$(inherited)",
				);
				GCC_WARN_64_TO_32_BIT_CONVERSION = YES;
				GCC_WARN_ABOUT_RETURN_TYPE = YES_ERROR;
				GCC_WARN_UNDECLARED_SELECTOR = YES;
				GCC_WARN_UNINITIALIZED_AUTOS = YES_AGGRESSIVE;
				GCC_WARN_UNUSED_FUNCTION = YES;
				GCC_WARN_UNUSED_VARIABLE = YES;
				IPHONEOS_DEPLOYMENT_TARGET = 16.4;
				MTL_ENABLE_DEBUG_INFO = INCLUDE_SOURCE;
				MTL_FAST_MATH = YES;
				ONLY_ACTIVE_ARCH = YES;
				SDKROOT = iphoneos;
				VERSIONING_SYSTEM = "apple-generic";
				VERSION_INFO_PREFIX = "";
			};
			name = Debug;
		};
		89E134A529E95E1200D954D1 /* Release */ = {
			isa = XCBuildConfiguration;
			baseConfigurationReference = 89E134FD29E95E8300D954D1 /* mapxus.prod.xcconfig */;
			buildSettings = {
				ALWAYS_SEARCH_USER_PATHS = NO;
				CLANG_ANALYZER_NONNULL = YES;
				CLANG_ANALYZER_NUMBER_OBJECT_CONVERSION = YES_AGGRESSIVE;
				CLANG_CXX_LANGUAGE_STANDARD = "gnu++20";
				CLANG_ENABLE_MODULES = YES;
				CLANG_ENABLE_OBJC_ARC = YES;
				CLANG_ENABLE_OBJC_WEAK = YES;
				CLANG_WARN_BLOCK_CAPTURE_AUTORELEASING = YES;
				CLANG_WARN_BOOL_CONVERSION = YES;
				CLANG_WARN_COMMA = YES;
				CLANG_WARN_CONSTANT_CONVERSION = YES;
				CLANG_WARN_DEPRECATED_OBJC_IMPLEMENTATIONS = YES;
				CLANG_WARN_DIRECT_OBJC_ISA_USAGE = YES_ERROR;
				CLANG_WARN_DOCUMENTATION_COMMENTS = YES;
				CLANG_WARN_EMPTY_BODY = YES;
				CLANG_WARN_ENUM_CONVERSION = YES;
				CLANG_WARN_INFINITE_RECURSION = YES;
				CLANG_WARN_INT_CONVERSION = YES;
				CLANG_WARN_NON_LITERAL_NULL_CONVERSION = YES;
				CLANG_WARN_OBJC_IMPLICIT_RETAIN_SELF = YES;
				CLANG_WARN_OBJC_LITERAL_CONVERSION = YES;
				CLANG_WARN_OBJC_ROOT_CLASS = YES_ERROR;
				CLANG_WARN_QUOTED_INCLUDE_IN_FRAMEWORK_HEADER = YES;
				CLANG_WARN_RANGE_LOOP_ANALYSIS = YES;
				CLANG_WARN_STRICT_PROTOTYPES = YES;
				CLANG_WARN_SUSPICIOUS_MOVE = YES;
				CLANG_WARN_UNGUARDED_AVAILABILITY = YES_AGGRESSIVE;
				CLANG_WARN_UNREACHABLE_CODE = YES;
				CLANG_WARN__DUPLICATE_METHOD_MATCH = YES;
				COPY_PHASE_STRIP = NO;
				CURRENT_PROJECT_VERSION = 23.12.21.16.36;
				DEBUG_INFORMATION_FORMAT = "dwarf-with-dsym";
				ENABLE_NS_ASSERTIONS = NO;
				ENABLE_STRICT_OBJC_MSGSEND = YES;
				GCC_C_LANGUAGE_STANDARD = gnu11;
				GCC_NO_COMMON_BLOCKS = YES;
				GCC_WARN_64_TO_32_BIT_CONVERSION = YES;
				GCC_WARN_ABOUT_RETURN_TYPE = YES_ERROR;
				GCC_WARN_UNDECLARED_SELECTOR = YES;
				GCC_WARN_UNINITIALIZED_AUTOS = YES_AGGRESSIVE;
				GCC_WARN_UNUSED_FUNCTION = YES;
				GCC_WARN_UNUSED_VARIABLE = YES;
				IPHONEOS_DEPLOYMENT_TARGET = 16.4;
				MTL_ENABLE_DEBUG_INFO = NO;
				MTL_FAST_MATH = YES;
				SDKROOT = iphoneos;
				VALIDATE_PRODUCT = YES;
				VERSIONING_SYSTEM = "apple-generic";
				VERSION_INFO_PREFIX = "";
			};
			name = Release;
		};
		89E134A729E95E1200D954D1 /* Debug */ = {
			isa = XCBuildConfiguration;
			baseConfigurationReference = CF3B1FF1002F555B25C7AD74 /* Pods-MapxusComponentKit.debug.xcconfig */;
			buildSettings = {
				CODE_SIGN_STYLE = Manual;
				CURRENT_PROJECT_VERSION = 23.12.21.16.36;
				DEFINES_MODULE = YES;
				DEVELOPMENT_TEAM = "";
				DYLIB_COMPATIBILITY_VERSION = 1;
				DYLIB_CURRENT_VERSION = 23.12.21.16.36;
				DYLIB_INSTALL_NAME_BASE = "@rpath";
				ENABLE_MODULE_VERIFIER = YES;
				GENERATE_INFOPLIST_FILE = YES;
				INFOPLIST_KEY_NSHumanReadableCopyright = "";
				INSTALL_PATH = "$(LOCAL_LIBRARY_DIR)/Frameworks";
				IPHONEOS_DEPLOYMENT_TARGET = 9.0;
				LD_RUNPATH_SEARCH_PATHS = (
					"$(inherited)",
					"@executable_path/Frameworks",
					"@loader_path/Frameworks",
				);
				MARKETING_VERSION = 6.5.0;
				MODULE_VERIFIER_SUPPORTED_LANGUAGES = "objective-c objective-c++";
				MODULE_VERIFIER_SUPPORTED_LANGUAGE_STANDARDS = "gnu11 gnu++20";
				PRODUCT_BUNDLE_IDENTIFIER = "$(BUNDLE_ID)";
				PRODUCT_NAME = "$(TARGET_NAME:c99extidentifier)";
				PROVISIONING_PROFILE_SPECIFIER = "";
				SKIP_INSTALL = YES;
				STRIP_STYLE = "non-global";
				SWIFT_EMIT_LOC_STRINGS = YES;
				TARGETED_DEVICE_FAMILY = "1,2";
			};
			name = Debug;
		};
		89E134A829E95E1200D954D1 /* Release */ = {
			isa = XCBuildConfiguration;
			baseConfigurationReference = 0185DBC7C738203EC4511EF3 /* Pods-MapxusComponentKit.release.xcconfig */;
			buildSettings = {
				CODE_SIGN_STYLE = Manual;
				CURRENT_PROJECT_VERSION = 23.12.21.16.36;
				DEFINES_MODULE = YES;
				DEVELOPMENT_TEAM = "";
				DYLIB_COMPATIBILITY_VERSION = 1;
				DYLIB_CURRENT_VERSION = 23.12.21.16.36;
				DYLIB_INSTALL_NAME_BASE = "@rpath";
				ENABLE_MODULE_VERIFIER = YES;
				GENERATE_INFOPLIST_FILE = YES;
				INFOPLIST_KEY_NSHumanReadableCopyright = "";
				INSTALL_PATH = "$(LOCAL_LIBRARY_DIR)/Frameworks";
				IPHONEOS_DEPLOYMENT_TARGET = 9.0;
				LD_RUNPATH_SEARCH_PATHS = (
					"$(inherited)",
					"@executable_path/Frameworks",
					"@loader_path/Frameworks",
				);
				MARKETING_VERSION = 6.5.0;
				MODULE_VERIFIER_SUPPORTED_LANGUAGES = "objective-c objective-c++";
				MODULE_VERIFIER_SUPPORTED_LANGUAGE_STANDARDS = "gnu11 gnu++20";
				PRODUCT_BUNDLE_IDENTIFIER = "$(BUNDLE_ID)";
				PRODUCT_NAME = "$(TARGET_NAME:c99extidentifier)";
				PROVISIONING_PROFILE_SPECIFIER = "";
				SKIP_INSTALL = YES;
				STRIP_STYLE = "non-global";
				SWIFT_EMIT_LOC_STRINGS = YES;
				TARGETED_DEVICE_FAMILY = "1,2";
			};
			name = Release;
		};
		89E134AA29E95E1200D954D1 /* Debug */ = {
			isa = XCBuildConfiguration;
			baseConfigurationReference = EE2511CDE13241CF301DF763 /* Pods-MapxusComponentKitTests.debug.xcconfig */;
			buildSettings = {
				CODE_SIGN_STYLE = Automatic;
				CURRENT_PROJECT_VERSION = 23.12.21.16.36;
				DEVELOPMENT_TEAM = ZNBZ7BZAKZ;
				GENERATE_INFOPLIST_FILE = YES;
				MARKETING_VERSION = 1.0;
				PRODUCT_BUNDLE_IDENTIFIER = com.mapxus.MapxusComponentKitTests;
				PRODUCT_NAME = "$(TARGET_NAME)";
				SWIFT_EMIT_LOC_STRINGS = NO;
				TARGETED_DEVICE_FAMILY = "1,2";
			};
			name = Debug;
		};
		89E134AB29E95E1200D954D1 /* Release */ = {
			isa = XCBuildConfiguration;
			baseConfigurationReference = AFD2FC78C0EDD366D6737B5F /* Pods-MapxusComponentKitTests.release.xcconfig */;
			buildSettings = {
				CODE_SIGN_STYLE = Automatic;
				CURRENT_PROJECT_VERSION = 23.12.21.16.36;
				DEVELOPMENT_TEAM = ZNBZ7BZAKZ;
				GENERATE_INFOPLIST_FILE = YES;
				MARKETING_VERSION = 1.0;
				PRODUCT_BUNDLE_IDENTIFIER = com.mapxus.MapxusComponentKitTests;
				PRODUCT_NAME = "$(TARGET_NAME)";
				SWIFT_EMIT_LOC_STRINGS = NO;
				TARGETED_DEVICE_FAMILY = "1,2";
			};
			name = Release;
		};
		89E1351D29E95EF300D954D1 /* Debug */ = {
			isa = XCBuildConfiguration;
			buildSettings = {
				CODE_SIGN_STYLE = Automatic;
				DEVELOPMENT_TEAM = ZNBZ7BZAKZ;
				PRODUCT_NAME = "$(TARGET_NAME)";
			};
			name = Debug;
		};
		89E1351E29E95EF300D954D1 /* Release */ = {
			isa = XCBuildConfiguration;
			buildSettings = {
				CODE_SIGN_STYLE = Automatic;
				DEVELOPMENT_TEAM = ZNBZ7BZAKZ;
				PRODUCT_NAME = "$(TARGET_NAME)";
			};
			name = Release;
		};
/* End XCBuildConfiguration section */

/* Begin XCConfigurationList section */
		89E1348E29E95E1200D954D1 /* Build configuration list for PBXProject "MapxusComponentKit" */ = {
			isa = XCConfigurationList;
			buildConfigurations = (
				89E134A429E95E1200D954D1 /* Debug */,
				89E134A529E95E1200D954D1 /* Release */,
			);
			defaultConfigurationIsVisible = 0;
			defaultConfigurationName = Release;
		};
		89E134A629E95E1200D954D1 /* Build configuration list for PBXNativeTarget "MapxusComponentKit" */ = {
			isa = XCConfigurationList;
			buildConfigurations = (
				89E134A729E95E1200D954D1 /* Debug */,
				89E134A829E95E1200D954D1 /* Release */,
			);
			defaultConfigurationIsVisible = 0;
			defaultConfigurationName = Release;
		};
		89E134A929E95E1200D954D1 /* Build configuration list for PBXNativeTarget "MapxusComponentKitTests" */ = {
			isa = XCConfigurationList;
			buildConfigurations = (
				89E134AA29E95E1200D954D1 /* Debug */,
				89E134AB29E95E1200D954D1 /* Release */,
			);
			defaultConfigurationIsVisible = 0;
			defaultConfigurationName = Release;
		};
		89E1351C29E95EF300D954D1 /* Build configuration list for PBXAggregateTarget "MapxusComponentKit-Universal" */ = {
			isa = XCConfigurationList;
			buildConfigurations = (
				89E1351D29E95EF300D954D1 /* Debug */,
				89E1351E29E95EF300D954D1 /* Release */,
			);
			defaultConfigurationIsVisible = 0;
			defaultConfigurationName = Release;
		};
/* End XCConfigurationList section */
	};
	rootObject = 89E1348B29E95E1200D954D1 /* Project object */;
}
